
Microsoft Visual Studio Solution File, Format Version 12.00
# Visual Studio 15
VisualStudioVersion = 15.0.28010.2046
MinimumVisualStudioVersion = 10.0.40219.1
Project("{9A19103F-16F7-4668-BE54-9A1E7A4F7556}") = "ChatProject", "ChatProject\ChatProject.csproj", "{91A98E07-3527-4CD3-82B9-4F9B93CA3393}"
EndProject
Global
	GlobalSection(SolutionConfigurationPlatforms) = preSolution
		Debug|Any CPU = Debug|Any CPU
		Release|Any CPU = Release|Any CPU
	EndGlobalSection
	GlobalSection(ProjectConfigurationPlatforms) = postSolution
		{91A98E07-3527-4CD3-82B9-4F9B93CA3393}.Debug|Any CPU.ActiveCfg = Debug|Any CPU
		{91A98E07-3527-4CD3-82B9-4F9B93CA3393}.Debug|Any CPU.Build.0 = Debug|Any CPU
		{91A98E07-3527-4CD3-82B9-4F9B93CA3393}.Release|Any CPU.ActiveCfg = Release|Any CPU
		{91A98E07-3527-4CD3-82B9-4F9B93CA3393}.Release|Any CPU.Build.0 = Release|Any CPU
	EndGlobalSection
	GlobalSection(SolutionProperties) = preSolution
		HideSolutionNode = FALSE
	EndGlobalSection
	GlobalSection(ExtensibilityGlobals) = postSolution
		SolutionGuid = {A15C525D-62B4-4FE9-86CC-774B2D82BCF1}
	EndGlobalSection
EndGlobal
